Microsoft Visual Studio Solution File, Format Version 12.00
# Visual Studio Version 17
VisualStudioVersion = 17.5.2.0
MinimumVisualStudioVersion = 10.0.40219.1
Project("{FAE04EC0-301F-11D3-BF4B-00C04F79EFBC}") = "VelastoProductionSystem", "VelastoProductionSystem.csproj", "{EFF2BC37-3392-7C81-07AD-846EBBA8EDE8}"
EndProject
Project("{2150E333-8FDC-42A3-9474-1A3956D46DE8}") = "scratch", "scratch", "{F2659A5F-1EBD-3F4F-4A30-86EC08B46DDA}"
EndProject
Project("{FAE04EC0-301F-11D3-BF4B-00C04F79EFBC}") = "DbCheckApp", "scratch\DbCheckApp\DbCheckApp.csproj", "{DF8F0484-495E-989A-9E59-5899F5B9266C}"
EndProject
Global
	GlobalSection(SolutionConfigurationPlatforms) = preSolution
		Debug|Any CPU = Debug|Any CPU
		Release|Any CPU = Release|Any CPU
	EndGlobalSection
	GlobalSection(ProjectConfigurationPlatforms) = postSolution
		{EFF2BC37-3392-7C81-07AD-846EBBA8EDE8}.Debug|Any CPU.ActiveCfg = Debug|Any CPU
		{EFF2BC37-3392-7C81-07AD-846EBBA8EDE8}.Debug|Any CPU.Build.0 = Debug|Any CPU
		{EFF2BC37-3392-7C81-07AD-846EBBA8EDE8}.Release|Any CPU.ActiveCfg = Release|Any CPU
		{EFF2BC37-3392-7C81-07AD-846EBBA8EDE8}.Release|Any CPU.Build.0 = Release|Any CPU
		{DF8F0484-495E-989A-9E59-5899F5B9266C}.Debug|Any CPU.ActiveCfg = Debug|Any CPU
		{DF8F0484-495E-989A-9E59-5899F5B9266C}.Debug|Any CPU.Build.0 = Debug|Any CPU
		{DF8F0484-495E-989A-9E59-5899F5B9266C}.Release|Any CPU.ActiveCfg = Release|Any CPU
		{DF8F0484-495E-989A-9E59-5899F5B9266C}.Release|Any CPU.Build.0 = Release|Any CPU
	EndGlobalSection
	GlobalSection(SolutionProperties) = preSolution
		HideSolutionNode = FALSE
	EndGlobalSection
	GlobalSection(NestedProjects) = preSolution
		{DF8F0484-495E-989A-9E59-5899F5B9266C} = {F2659A5F-1EBD-3F4F-4A30-86EC08B46DDA}
	EndGlobalSection
	GlobalSection(ExtensibilityGlobals) = postSolution
		SolutionGuid = {4667EE85-94C3-463C-94D2-B4FEB73FB57E}
	EndGlobalSection
EndGlobal
